
Microsoft Visual Studio Solution File, Format Version 12.00
# Visual Studio Version 17
VisualStudioVersion = 17.5.002.0
MinimumVisualStudioVersion = 10.0.40219.1
Project("{9A19103F-16F7-4668-BE54-9A1E7A4F7556}") = "Attestation", "Attestation.csproj", "{851DA160-80A2-46C3-A82E-4CF4989D7EB8}"
EndProject
Global
	GlobalSection(SolutionConfigurationPlatforms) = preSolution
		Debug|Any CPU = Debug|Any CPU
		Release|Any CPU = Release|Any CPU
	EndGlobalSection
	GlobalSection(ProjectConfigurationPlatforms) = postSolution
		{851DA160-80A2-46C3-A82E-4CF4989D7EB8}.Debug|Any CPU.ActiveCfg = Debug|Any CPU
		{851DA160-80A2-46C3-A82E-4CF4989D7EB8}.Debug|Any CPU.Build.0 = Debug|Any CPU
		{851DA160-80A2-46C3-A82E-4CF4989D7EB8}.Release|Any CPU.ActiveCfg = Release|Any CPU
		{851DA160-80A2-46C3-A82E-4CF4989D7EB8}.Release|Any CPU.Build.0 = Release|Any CPU
	EndGlobalSection
	GlobalSection(SolutionProperties) = preSolution
		HideSolutionNode = FALSE
	EndGlobalSection
	GlobalSection(ExtensibilityGlobals) = postSolution
		SolutionGuid = {800DDB9F-B7BC-4102-92AC-950E5E2387B0}
	EndGlobalSection
EndGlobal
